
Microsoft Visual Studio Solution File, Format Version 12.00
# Visual Studio 14
VisualStudioVersion = 14.0.24711.0
MinimumVisualStudioVersion = 10.0.40219.1
Project("{2150E333-8FDC-42A3-9474-1A3956D46DE8}") = "src", "src", "{1B4DBF99-E651-48BC-81C0-D4223D517601}"
EndProject
Project("{2150E333-8FDC-42A3-9474-1A3956D46DE8}") = "Solution Items", "Solution Items", "{C290B47A-0CDC-4738-A7D1-BA70EB4F96FC}"
	ProjectSection(SolutionItems) = preProject
		global.json = global.json
	EndProjectSection
EndProject
Project("{8BB2217D-0F2D-49D1-97BC-3654ED321F3B}") = "MvcMovie", "src\MvcMovie\MvcMovie.xproj", "{CB2F211C-EFA4-4A00-8263-D7CD8B42145C}"
EndProject
Global
	GlobalSection(SolutionConfigurationPlatforms) = preSolution
		Debug|Any CPU = Debug|Any CPU
		Release|Any CPU = Release|Any CPU
	EndGlobalSection
	GlobalSection(ProjectConfigurationPlatforms) = postSolution
		{CB2F211C-EFA4-4A00-8263-D7CD8B42145C}.Debug|Any CPU.ActiveCfg = Debug|Any CPU
		{CB2F211C-EFA4-4A00-8263-D7CD8B42145C}.Debug|Any CPU.Build.0 = Debug|Any CPU
		{CB2F211C-EFA4-4A00-8263-D7CD8B42145C}.Release|Any CPU.ActiveCfg = Release|Any CPU
		{CB2F211C-EFA4-4A00-8263-D7CD8B42145C}.Release|Any CPU.Build.0 = Release|Any CPU
	EndGlobalSection
	GlobalSection(SolutionProperties) = preSolution
		HideSolutionNode = FALSE
	EndGlobalSection
	GlobalSection(NestedProjects) = preSolution
		{CB2F211C-EFA4-4A00-8263-D7CD8B42145C} = {1B4DBF99-E651-48BC-81C0-D4223D517601}
	EndGlobalSection
EndGlobal
