
Microsoft Visual Studio Solution File, Format Version 12.00
# Visual Studio 14
VisualStudioVersion = 14.0.22823.1
MinimumVisualStudioVersion = 10.0.40219.1
Project("{2150E333-8FDC-42A3-9474-1A3956D46DE8}") = "src", "src", "{F7A201FF-32FB-4D12-9A52-B4E03008561B}"
EndProject
Project("{2150E333-8FDC-42A3-9474-1A3956D46DE8}") = "Solution Items", "Solution Items", "{54217483-0F77-4EB9-B11B-6A31D99E882B}"
	ProjectSection(SolutionItems) = preProject
		global.json = global.json
	EndProjectSection
EndProject
Project("{8BB2217D-0F2D-49D1-97BC-3654ED321F3B}") = "WebApplication1", "src\WebApplication1\WebApplication1.xproj", "{F6E37A4A-52F6-4EE6-81F9-13D4E97A2BB5}"
EndProject
Global
	GlobalSection(SolutionConfigurationPlatforms) = preSolution
		Debug|Any CPU = Debug|Any CPU
		Release|Any CPU = Release|Any CPU
	EndGlobalSection
	GlobalSection(ProjectConfigurationPlatforms) = postSolution
		{F6E37A4A-52F6-4EE6-81F9-13D4E97A2BB5}.Debug|Any CPU.ActiveCfg = Debug|Any CPU
		{F6E37A4A-52F6-4EE6-81F9-13D4E97A2BB5}.Debug|Any CPU.Build.0 = Debug|Any CPU
		{F6E37A4A-52F6-4EE6-81F9-13D4E97A2BB5}.Release|Any CPU.ActiveCfg = Release|Any CPU
		{F6E37A4A-52F6-4EE6-81F9-13D4E97A2BB5}.Release|Any CPU.Build.0 = Release|Any CPU
	EndGlobalSection
	GlobalSection(SolutionProperties) = preSolution
		HideSolutionNode = FALSE
	EndGlobalSection
	GlobalSection(NestedProjects) = preSolution
		{F6E37A4A-52F6-4EE6-81F9-13D4E97A2BB5} = {F7A201FF-32FB-4D12-9A52-B4E03008561B}
	EndGlobalSection
EndGlobal
