
Microsoft Visual Studio Solution File, Format Version 12.00
# Visual Studio 14
VisualStudioVersion = 14.0.25420.1
MinimumVisualStudioVersion = 10.0.40219.1
Project("{8BB2217D-0F2D-49D1-97BC-3654ED321F3B}") = "TestingControllersSample", "src\TestingControllersSample\TestingControllersSample.xproj", "{A15DE1F5-7271-4F68-A76F-B614A6555F76}"
EndProject
Project("{2150E333-8FDC-42A3-9474-1A3956D46DE8}") = "src", "src", "{114DA64A-15B8-4375-B14C-E1D0E3C4B8E9}"
EndProject
Project("{2150E333-8FDC-42A3-9474-1A3956D46DE8}") = "test", "test", "{0434239A-DE4B-4E5D-80BC-A25AB266E82B}"
EndProject
Project("{2150E333-8FDC-42A3-9474-1A3956D46DE8}") = "Solution Items", "Solution Items", "{E7B014CA-5C41-4CA8-A611-3B40201B1806}"
	ProjectSection(SolutionItems) = preProject
		global.json = global.json
	EndProjectSection
EndProject
Project("{8BB2217D-0F2D-49D1-97BC-3654ED321F3B}") = "TestingControllersSample.Tests", "tests\TestingControllersSample.Tests\TestingControllersSample.Tests.xproj", "{15760117-9024-4D26-B725-ADBCB53D7E99}"
EndProject
Global
	GlobalSection(SolutionConfigurationPlatforms) = preSolution
		Debug|Any CPU = Debug|Any CPU
		Release|Any CPU = Release|Any CPU
	EndGlobalSection
	GlobalSection(ProjectConfigurationPlatforms) = postSolution
		{A15DE1F5-7271-4F68-A76F-B614A6555F76}.Debug|Any CPU.ActiveCfg = Debug|Any CPU
		{A15DE1F5-7271-4F68-A76F-B614A6555F76}.Debug|Any CPU.Build.0 = Debug|Any CPU
		{A15DE1F5-7271-4F68-A76F-B614A6555F76}.Release|Any CPU.ActiveCfg = Release|Any CPU
		{A15DE1F5-7271-4F68-A76F-B614A6555F76}.Release|Any CPU.Build.0 = Release|Any CPU
		{15760117-9024-4D26-B725-ADBCB53D7E99}.Debug|Any CPU.ActiveCfg = Debug|Any CPU
		{15760117-9024-4D26-B725-ADBCB53D7E99}.Debug|Any CPU.Build.0 = Debug|Any CPU
		{15760117-9024-4D26-B725-ADBCB53D7E99}.Release|Any CPU.ActiveCfg = Release|Any CPU
		{15760117-9024-4D26-B725-ADBCB53D7E99}.Release|Any CPU.Build.0 = Release|Any CPU
	EndGlobalSection
	GlobalSection(SolutionProperties) = preSolution
		HideSolutionNode = FALSE
	EndGlobalSection
	GlobalSection(NestedProjects) = preSolution
		{A15DE1F5-7271-4F68-A76F-B614A6555F76} = {114DA64A-15B8-4375-B14C-E1D0E3C4B8E9}
		{15760117-9024-4D26-B725-ADBCB53D7E99} = {0434239A-DE4B-4E5D-80BC-A25AB266E82B}
	EndGlobalSection
	GlobalSection(CodealikeProperties) = postSolution
		SolutionGuid = f224ea55-ff97-4312-84b6-a1351b3a51af
	EndGlobalSection
EndGlobal
