
Microsoft Visual Studio Solution File, Format Version 12.00
# Visual Studio Version 16
VisualStudioVersion = 16.0.29009.5
MinimumVisualStudioVersion = 15.0.26124.0
Project("{2150E333-8FDC-42A3-9474-1A3956D46DE8}") = "2.0", "2.0", "{2725557C-26F6-4862-884A-DEE669A46327}"
EndProject
Project("{9A19103F-16F7-4668-BE54-9A1E7A4F7556}") = "TodoApi", "2.0\TodoApi.NSwag\TodoApi.csproj", "{938A4A36-3F69-4D06-BA11-23333181E48B}"
EndProject
Project("{9A19103F-16F7-4668-BE54-9A1E7A4F7556}") = "TodoApi", "2.0\TodoApi.Swashbuckle\TodoApi.csproj", "{4BC95ABB-D3BF-4E47-9D71-28EF8325FD8C}"
EndProject
Project("{2150E333-8FDC-42A3-9474-1A3956D46DE8}") = "2.1", "2.1", "{AEFA2811-67ED-4605-8C93-1645479F764A}"
EndProject
Project("{9A19103F-16F7-4668-BE54-9A1E7A4F7556}") = "TodoApi", "2.1\TodoApi.NSwag\TodoApi.csproj", "{10DDA2BF-14D2-41A7-9BC4-F0179A272574}"
EndProject
Project("{9A19103F-16F7-4668-BE54-9A1E7A4F7556}") = "TodoApi", "2.1\TodoApi.Swashbuckle\TodoApi.csproj", "{DF75D4B8-44B5-4603-9617-26BD11EDE76B}"
EndProject
Project("{2150E333-8FDC-42A3-9474-1A3956D46DE8}") = "3.0", "3.0", "{3EA3A3F6-07E2-45CA-89D7-9DC0C9DB4A64}"
EndProject
Project("{9A19103F-16F7-4668-BE54-9A1E7A4F7556}") = "TodoApi", "3.0\TodoApi.Swashbuckle\TodoApi.csproj", "{18C8880D-D9FA-4868-8AC9-3B6D368DBB2F}"
EndProject
Global
	GlobalSection(SolutionConfigurationPlatforms) = preSolution
		Debug|Any CPU = Debug|Any CPU
		Debug|x64 = Debug|x64
		Debug|x86 = Debug|x86
		Release|Any CPU = Release|Any CPU
		Release|x64 = Release|x64
		Release|x86 = Release|x86
	EndGlobalSection
	GlobalSection(ProjectConfigurationPlatforms) = postSolution
		{938A4A36-3F69-4D06-BA11-23333181E48B}.Debug|Any CPU.ActiveCfg = Debug|Any CPU
		{938A4A36-3F69-4D06-BA11-23333181E48B}.Debug|Any CPU.Build.0 = Debug|Any CPU
		{938A4A36-3F69-4D06-BA11-23333181E48B}.Debug|x64.ActiveCfg = Debug|Any CPU
		{938A4A36-3F69-4D06-BA11-23333181E48B}.Debug|x64.Build.0 = Debug|Any CPU
		{938A4A36-3F69-4D06-BA11-23333181E48B}.Debug|x86.ActiveCfg = Debug|Any CPU
		{938A4A36-3F69-4D06-BA11-23333181E48B}.Debug|x86.Build.0 = Debug|Any CPU
		{938A4A36-3F69-4D06-BA11-23333181E48B}.Release|Any CPU.ActiveCfg = Release|Any CPU
		{938A4A36-3F69-4D06-BA11-23333181E48B}.Release|Any CPU.Build.0 = Release|Any CPU
		{938A4A36-3F69-4D06-BA11-23333181E48B}.Release|x64.ActiveCfg = Release|Any CPU
		{938A4A36-3F69-4D06-BA11-23333181E48B}.Release|x64.Build.0 = Release|Any CPU
		{938A4A36-3F69-4D06-BA11-23333181E48B}.Release|x86.ActiveCfg = Release|Any CPU
		{938A4A36-3F69-4D06-BA11-23333181E48B}.Release|x86.Build.0 = Release|Any CPU
		{4BC95ABB-D3BF-4E47-9D71-28EF8325FD8C}.Debug|Any CPU.ActiveCfg = Debug|Any CPU
		{4BC95ABB-D3BF-4E47-9D71-28EF8325FD8C}.Debug|Any CPU.Build.0 = Debug|Any CPU
		{4BC95ABB-D3BF-4E47-9D71-28EF8325FD8C}.Debug|x64.ActiveCfg = Debug|Any CPU
		{4BC95ABB-D3BF-4E47-9D71-28EF8325FD8C}.Debug|x64.Build.0 = Debug|Any CPU
		{4BC95ABB-D3BF-4E47-9D71-28EF8325FD8C}.Debug|x86.ActiveCfg = Debug|Any CPU
		{4BC95ABB-D3BF-4E47-9D71-28EF8325FD8C}.Debug|x86.Build.0 = Debug|Any CPU
		{4BC95ABB-D3BF-4E47-9D71-28EF8325FD8C}.Release|Any CPU.ActiveCfg = Release|Any CPU
		{4BC95ABB-D3BF-4E47-9D71-28EF8325FD8C}.Release|Any CPU.Build.0 = Release|Any CPU
		{4BC95ABB-D3BF-4E47-9D71-28EF8325FD8C}.Release|x64.ActiveCfg = Release|Any CPU
		{4BC95ABB-D3BF-4E47-9D71-28EF8325FD8C}.Release|x64.Build.0 = Release|Any CPU
		{4BC95ABB-D3BF-4E47-9D71-28EF8325FD8C}.Release|x86.ActiveCfg = Release|Any CPU
		{4BC95ABB-D3BF-4E47-9D71-28EF8325FD8C}.Release|x86.Build.0 = Release|Any CPU
		{10DDA2BF-14D2-41A7-9BC4-F0179A272574}.Debug|Any CPU.ActiveCfg = Debug|Any CPU
		{10DDA2BF-14D2-41A7-9BC4-F0179A272574}.Debug|Any CPU.Build.0 = Debug|Any CPU
		{10DDA2BF-14D2-41A7-9BC4-F0179A272574}.Debug|x64.ActiveCfg = Debug|Any CPU
		{10DDA2BF-14D2-41A7-9BC4-F0179A272574}.Debug|x64.Build.0 = Debug|Any CPU
		{10DDA2BF-14D2-41A7-9BC4-F0179A272574}.Debug|x86.ActiveCfg = Debug|Any CPU
		{10DDA2BF-14D2-41A7-9BC4-F0179A272574}.Debug|x86.Build.0 = Debug|Any CPU
		{10DDA2BF-14D2-41A7-9BC4-F0179A272574}.Release|Any CPU.ActiveCfg = Release|Any CPU
		{10DDA2BF-14D2-41A7-9BC4-F0179A272574}.Release|Any CPU.Build.0 = Release|Any CPU
		{10DDA2BF-14D2-41A7-9BC4-F0179A272574}.Release|x64.ActiveCfg = Release|Any CPU
		{10DDA2BF-14D2-41A7-9BC4-F0179A272574}.Release|x64.Build.0 = Release|Any CPU
		{10DDA2BF-14D2-41A7-9BC4-F0179A272574}.Release|x86.ActiveCfg = Release|Any CPU
		{10DDA2BF-14D2-41A7-9BC4-F0179A272574}.Release|x86.Build.0 = Release|Any CPU
		{DF75D4B8-44B5-4603-9617-26BD11EDE76B}.Debug|Any CPU.ActiveCfg = Debug|Any CPU
		{DF75D4B8-44B5-4603-9617-26BD11EDE76B}.Debug|Any CPU.Build.0 = Debug|Any CPU
		{DF75D4B8-44B5-4603-9617-26BD11EDE76B}.Debug|x64.ActiveCfg = Debug|Any CPU
		{DF75D4B8-44B5-4603-9617-26BD11EDE76B}.Debug|x64.Build.0 = Debug|Any CPU
		{DF75D4B8-44B5-4603-9617-26BD11EDE76B}.Debug|x86.ActiveCfg = Debug|Any CPU
		{DF75D4B8-44B5-4603-9617-26BD11EDE76B}.Debug|x86.Build.0 = Debug|Any CPU
		{DF75D4B8-44B5-4603-9617-26BD11EDE76B}.Release|Any CPU.ActiveCfg = Release|Any CPU
		{DF75D4B8-44B5-4603-9617-26BD11EDE76B}.Release|Any CPU.Build.0 = Release|Any CPU
		{DF75D4B8-44B5-4603-9617-26BD11EDE76B}.Release|x64.ActiveCfg = Release|Any CPU
		{DF75D4B8-44B5-4603-9617-26BD11EDE76B}.Release|x64.Build.0 = Release|Any CPU
		{DF75D4B8-44B5-4603-9617-26BD11EDE76B}.Release|x86.ActiveCfg = Release|Any CPU
		{DF75D4B8-44B5-4603-9617-26BD11EDE76B}.Release|x86.Build.0 = Release|Any CPU
		{18C8880D-D9FA-4868-8AC9-3B6D368DBB2F}.Debug|Any CPU.ActiveCfg = Debug|Any CPU
		{18C8880D-D9FA-4868-8AC9-3B6D368DBB2F}.Debug|Any CPU.Build.0 = Debug|Any CPU
		{18C8880D-D9FA-4868-8AC9-3B6D368DBB2F}.Debug|x64.ActiveCfg = Debug|Any CPU
		{18C8880D-D9FA-4868-8AC9-3B6D368DBB2F}.Debug|x64.Build.0 = Debug|Any CPU
		{18C8880D-D9FA-4868-8AC9-3B6D368DBB2F}.Debug|x86.ActiveCfg = Debug|Any CPU
		{18C8880D-D9FA-4868-8AC9-3B6D368DBB2F}.Debug|x86.Build.0 = Debug|Any CPU
		{18C8880D-D9FA-4868-8AC9-3B6D368DBB2F}.Release|Any CPU.ActiveCfg = Release|Any CPU
		{18C8880D-D9FA-4868-8AC9-3B6D368DBB2F}.Release|Any CPU.Build.0 = Release|Any CPU
		{18C8880D-D9FA-4868-8AC9-3B6D368DBB2F}.Release|x64.ActiveCfg = Release|Any CPU
		{18C8880D-D9FA-4868-8AC9-3B6D368DBB2F}.Release|x64.Build.0 = Release|Any CPU
		{18C8880D-D9FA-4868-8AC9-3B6D368DBB2F}.Release|x86.ActiveCfg = Release|Any CPU
		{18C8880D-D9FA-4868-8AC9-3B6D368DBB2F}.Release|x86.Build.0 = Release|Any CPU
	EndGlobalSection
	GlobalSection(SolutionProperties) = preSolution
		HideSolutionNode = FALSE
	EndGlobalSection
	GlobalSection(NestedProjects) = preSolution
		{938A4A36-3F69-4D06-BA11-23333181E48B} = {2725557C-26F6-4862-884A-DEE669A46327}
		{4BC95ABB-D3BF-4E47-9D71-28EF8325FD8C} = {2725557C-26F6-4862-884A-DEE669A46327}
		{10DDA2BF-14D2-41A7-9BC4-F0179A272574} = {AEFA2811-67ED-4605-8C93-1645479F764A}
		{DF75D4B8-44B5-4603-9617-26BD11EDE76B} = {AEFA2811-67ED-4605-8C93-1645479F764A}
		{18C8880D-D9FA-4868-8AC9-3B6D368DBB2F} = {3EA3A3F6-07E2-45CA-89D7-9DC0C9DB4A64}
	EndGlobalSection
	GlobalSection(ExtensibilityGlobals) = postSolution
		SolutionGuid = {CBAC5A92-5105-4D43-BD3F-054454B681E3}
	EndGlobalSection
EndGlobal
