
Microsoft Visual Studio Solution File, Format Version 12.00
# Visual Studio 14
VisualStudioVersion = 14.0.23025.0
MinimumVisualStudioVersion = 10.0.40219.1
Project("{2150E333-8FDC-42A3-9474-1A3956D46DE8}") = "src", "src", "{CD8B9EB4-8CE3-4D20-9B02-34A8714F6B42}"
EndProject
Project("{2150E333-8FDC-42A3-9474-1A3956D46DE8}") = "Solution Items", "Solution Items", "{E50FE4B1-DF4D-4DE1-B362-F56B64F84226}"
	ProjectSection(SolutionItems) = preProject
		global.json = global.json
	EndProjectSection
EndProject
Project("{8BB2217D-0F2D-49D1-97BC-3654ED321F3B}") = "TodoApi", "src\TodoApi\TodoApi.xproj", "{74452554-AFD5-4846-9F8F-AA17C502912F}"
EndProject
Global
	GlobalSection(SolutionConfigurationPlatforms) = preSolution
		Debug|Any CPU = Debug|Any CPU
		Release|Any CPU = Release|Any CPU
	EndGlobalSection
	GlobalSection(ProjectConfigurationPlatforms) = postSolution
		{74452554-AFD5-4846-9F8F-AA17C502912F}.Debug|Any CPU.ActiveCfg = Debug|Any CPU
		{74452554-AFD5-4846-9F8F-AA17C502912F}.Debug|Any CPU.Build.0 = Debug|Any CPU
		{74452554-AFD5-4846-9F8F-AA17C502912F}.Release|Any CPU.ActiveCfg = Release|Any CPU
		{74452554-AFD5-4846-9F8F-AA17C502912F}.Release|Any CPU.Build.0 = Release|Any CPU
	EndGlobalSection
	GlobalSection(SolutionProperties) = preSolution
		HideSolutionNode = FALSE
	EndGlobalSection
	GlobalSection(NestedProjects) = preSolution
		{74452554-AFD5-4846-9F8F-AA17C502912F} = {CD8B9EB4-8CE3-4D20-9B02-34A8714F6B42}
	EndGlobalSection
EndGlobal
