
Microsoft Visual Studio Solution File, Format Version 12.00
# Visual Studio Version 16
VisualStudioVersion = 16.0.29209.62
MinimumVisualStudioVersion = 10.0.40219.1
Project("{9A19103F-16F7-4668-BE54-9A1E7A4F7556}") = "WebApiSample.Api.Pre21", "WebApiSample.Api.Pre21\WebApiSample.Api.Pre21.csproj", "{B43AAD98-4545-4F0A-99F7-1CA06B53C19E}"
EndProject
Project("{9A19103F-16F7-4668-BE54-9A1E7A4F7556}") = "WebApiSample.DataAccess", "WebApiSample.DataAccess\WebApiSample.DataAccess.csproj", "{3D2AE7CD-D359-4B12-A25D-09F9E1ED6EA0}"
EndProject
Global
	GlobalSection(SolutionConfigurationPlatforms) = preSolution
		Debug|Any CPU = Debug|Any CPU
		Release|Any CPU = Release|Any CPU
	EndGlobalSection
	GlobalSection(ProjectConfigurationPlatforms) = postSolution
		{B43AAD98-4545-4F0A-99F7-1CA06B53C19E}.Debug|Any CPU.ActiveCfg = Debug|Any CPU
		{B43AAD98-4545-4F0A-99F7-1CA06B53C19E}.Debug|Any CPU.Build.0 = Debug|Any CPU
		{B43AAD98-4545-4F0A-99F7-1CA06B53C19E}.Release|Any CPU.ActiveCfg = Release|Any CPU
		{B43AAD98-4545-4F0A-99F7-1CA06B53C19E}.Release|Any CPU.Build.0 = Release|Any CPU
		{3D2AE7CD-D359-4B12-A25D-09F9E1ED6EA0}.Debug|Any CPU.ActiveCfg = Debug|Any CPU
		{3D2AE7CD-D359-4B12-A25D-09F9E1ED6EA0}.Debug|Any CPU.Build.0 = Debug|Any CPU
		{3D2AE7CD-D359-4B12-A25D-09F9E1ED6EA0}.Release|Any CPU.ActiveCfg = Release|Any CPU
		{3D2AE7CD-D359-4B12-A25D-09F9E1ED6EA0}.Release|Any CPU.Build.0 = Release|Any CPU
	EndGlobalSection
	GlobalSection(SolutionProperties) = preSolution
		HideSolutionNode = FALSE
	EndGlobalSection
	GlobalSection(ExtensibilityGlobals) = postSolution
		SolutionGuid = {DBAD3EED-201A-431B-ACF5-14C724146B8D}
	EndGlobalSection
EndGlobal
