
Microsoft Visual Studio Solution File, Format Version 12.00
# Visual Studio 15
VisualStudioVersion = 15.0.26228.0
MinimumVisualStudioVersion = 10.0.40219.1
Project("{9A19103F-16F7-4668-BE54-9A1E7A4F7556}") = "final", "final.csproj", "{1FE69079-3CF6-4944-9071-B9156C525474}"
EndProject
Global
	GlobalSection(SolutionConfigurationPlatforms) = preSolution
		Debug|Any CPU = Debug|Any CPU
		Release|Any CPU = Release|Any CPU
	EndGlobalSection
	GlobalSection(ProjectConfigurationPlatforms) = postSolution
		{1FE69079-3CF6-4944-9071-B9156C525474}.Debug|Any CPU.ActiveCfg = Debug|Any CPU
		{1FE69079-3CF6-4944-9071-B9156C525474}.Debug|Any CPU.Build.0 = Debug|Any CPU
		{1FE69079-3CF6-4944-9071-B9156C525474}.Release|Any CPU.ActiveCfg = Release|Any CPU
		{1FE69079-3CF6-4944-9071-B9156C525474}.Release|Any CPU.Build.0 = Release|Any CPU
	EndGlobalSection
	GlobalSection(SolutionProperties) = preSolution
		HideSolutionNode = FALSE
	EndGlobalSection
EndGlobal
