
Microsoft Visual Studio Solution File, Format Version 12.00
# Visual Studio 14
VisualStudioVersion = 14.0.23019.3
MinimumVisualStudioVersion = 10.0.40219.1
Project("{2150E333-8FDC-42A3-9474-1A3956D46DE8}") = "src", "src", "{17564FAC-B6C3-4EB4-AF0B-FE8F00B527BA}"
EndProject
Project("{2150E333-8FDC-42A3-9474-1A3956D46DE8}") = "Solution Items", "Solution Items", "{9211E070-3BC1-4F10-9F21-7C5141550F42}"
	ProjectSection(SolutionItems) = preProject
		global.json = global.json
	EndProjectSection
EndProject
Project("{8BB2217D-0F2D-49D1-97BC-3654ED321F3B}") = "ContosoBooks", "src\ContosoBooks\ContosoBooks.xproj", "{03F588A7-3C46-492C-8E44-5A45D6F34C46}"
EndProject
Global
	GlobalSection(SolutionConfigurationPlatforms) = preSolution
		Debug|Any CPU = Debug|Any CPU
		Release|Any CPU = Release|Any CPU
	EndGlobalSection
	GlobalSection(ProjectConfigurationPlatforms) = postSolution
		{03F588A7-3C46-492C-8E44-5A45D6F34C46}.Debug|Any CPU.ActiveCfg = Debug|Any CPU
		{03F588A7-3C46-492C-8E44-5A45D6F34C46}.Debug|Any CPU.Build.0 = Debug|Any CPU
		{03F588A7-3C46-492C-8E44-5A45D6F34C46}.Release|Any CPU.ActiveCfg = Release|Any CPU
		{03F588A7-3C46-492C-8E44-5A45D6F34C46}.Release|Any CPU.Build.0 = Release|Any CPU
	EndGlobalSection
	GlobalSection(SolutionProperties) = preSolution
		HideSolutionNode = FALSE
	EndGlobalSection
	GlobalSection(NestedProjects) = preSolution
		{03F588A7-3C46-492C-8E44-5A45D6F34C46} = {17564FAC-B6C3-4EB4-AF0B-FE8F00B527BA}
	EndGlobalSection
EndGlobal
