
Microsoft Visual Studio Solution File, Format Version 12.00
# Visual Studio 14
VisualStudioVersion = 14.0.23107.0
MinimumVisualStudioVersion = 10.0.40219.1
Project("{8BB2217D-0F2D-49D1-97BC-3654ED321F3B}") = "mvcOrderManagerSample", "mvcOrderManagerSample\mvcOrderManagerSample.xproj", "{E6B4B19D-44EC-44E7-A309-153DB8641805}"
EndProject
Global
	GlobalSection(SolutionConfigurationPlatforms) = preSolution
		Debug|Any CPU = Debug|Any CPU
		Release|Any CPU = Release|Any CPU
	EndGlobalSection
	GlobalSection(ProjectConfigurationPlatforms) = postSolution
		{E6B4B19D-44EC-44E7-A309-153DB8641805}.Debug|Any CPU.ActiveCfg = Debug|Any CPU
		{E6B4B19D-44EC-44E7-A309-153DB8641805}.Debug|Any CPU.Build.0 = Debug|Any CPU
		{E6B4B19D-44EC-44E7-A309-153DB8641805}.Release|Any CPU.ActiveCfg = Release|Any CPU
		{E6B4B19D-44EC-44E7-A309-153DB8641805}.Release|Any CPU.Build.0 = Release|Any CPU
	EndGlobalSection
	GlobalSection(SolutionProperties) = preSolution
		HideSolutionNode = FALSE
	EndGlobalSection
EndGlobal
