
Microsoft Visual Studio Solution File, Format Version 12.00
# Visual Studio 15
VisualStudioVersion = 15.0.26228.12
MinimumVisualStudioVersion = 10.0.40219.1
Project("{2150E333-8FDC-42A3-9474-1A3956D46DE8}") = "src", "src", "{41484C4B-94D9-41D1-9848-A169673C01F2}"
EndProject
Project("{9A19103F-16F7-4668-BE54-9A1E7A4F7556}") = "PrimeWeb", "src\PrimeWeb\PrimeWeb.csproj", "{CAB6DEC1-CE2D-4932-B871-B4B8A7D3B06B}"
EndProject
Project("{2150E333-8FDC-42A3-9474-1A3956D46DE8}") = "test", "test", "{B23C32D2-95DF-4C95-91C6-2EA5591245E1}"
EndProject
Project("{9A19103F-16F7-4668-BE54-9A1E7A4F7556}") = "PrimeWeb.UnitTests", "test\PrimeWeb.UnitTests\PrimeWeb.UnitTests.csproj", "{C76340B0-4F99-44FA-8420-0B2AE0CB64BF}"
EndProject
Project("{9A19103F-16F7-4668-BE54-9A1E7A4F7556}") = "PrimeWeb.IntegrationTests", "test\PrimeWeb.IntegrationTests\PrimeWeb.IntegrationTests.csproj", "{8BC88D97-305E-4897-AFB0-D7584C5C76C4}"
EndProject
Global
	GlobalSection(SolutionConfigurationPlatforms) = preSolution
		Debug|Any CPU = Debug|Any CPU
		Release|Any CPU = Release|Any CPU
	EndGlobalSection
	GlobalSection(ProjectConfigurationPlatforms) = postSolution
		{CAB6DEC1-CE2D-4932-B871-B4B8A7D3B06B}.Debug|Any CPU.ActiveCfg = Debug|Any CPU
		{CAB6DEC1-CE2D-4932-B871-B4B8A7D3B06B}.Debug|Any CPU.Build.0 = Debug|Any CPU
		{CAB6DEC1-CE2D-4932-B871-B4B8A7D3B06B}.Release|Any CPU.ActiveCfg = Release|Any CPU
		{CAB6DEC1-CE2D-4932-B871-B4B8A7D3B06B}.Release|Any CPU.Build.0 = Release|Any CPU
		{C76340B0-4F99-44FA-8420-0B2AE0CB64BF}.Debug|Any CPU.ActiveCfg = Debug|Any CPU
		{C76340B0-4F99-44FA-8420-0B2AE0CB64BF}.Debug|Any CPU.Build.0 = Debug|Any CPU
		{C76340B0-4F99-44FA-8420-0B2AE0CB64BF}.Release|Any CPU.ActiveCfg = Release|Any CPU
		{C76340B0-4F99-44FA-8420-0B2AE0CB64BF}.Release|Any CPU.Build.0 = Release|Any CPU
		{8BC88D97-305E-4897-AFB0-D7584C5C76C4}.Debug|Any CPU.ActiveCfg = Debug|Any CPU
		{8BC88D97-305E-4897-AFB0-D7584C5C76C4}.Debug|Any CPU.Build.0 = Debug|Any CPU
		{8BC88D97-305E-4897-AFB0-D7584C5C76C4}.Release|Any CPU.ActiveCfg = Release|Any CPU
		{8BC88D97-305E-4897-AFB0-D7584C5C76C4}.Release|Any CPU.Build.0 = Release|Any CPU
	EndGlobalSection
	GlobalSection(SolutionProperties) = preSolution
		HideSolutionNode = FALSE
	EndGlobalSection
	GlobalSection(NestedProjects) = preSolution
		{CAB6DEC1-CE2D-4932-B871-B4B8A7D3B06B} = {41484C4B-94D9-41D1-9848-A169673C01F2}
		{C76340B0-4F99-44FA-8420-0B2AE0CB64BF} = {B23C32D2-95DF-4C95-91C6-2EA5591245E1}
		{8BC88D97-305E-4897-AFB0-D7584C5C76C4} = {B23C32D2-95DF-4C95-91C6-2EA5591245E1}
	EndGlobalSection
EndGlobal
