
Microsoft Visual Studio Solution File, Format Version 12.00
# Visual Studio 14
VisualStudioVersion = 14.0.22823.1
MinimumVisualStudioVersion = 10.0.40219.1
Project("{2150E333-8FDC-42A3-9474-1A3956D46DE8}") = "src", "src", "{37A8E924-CC15-4A6C-9822-897DBCA7A22D}"
EndProject
Project("{2150E333-8FDC-42A3-9474-1A3956D46DE8}") = "Solution Items", "Solution Items", "{6AB87BB4-8697-48C8-A66A-3B96E1A37687}"
	ProjectSection(SolutionItems) = preProject
		global.json = global.json
	EndProjectSection
EndProject
Project("{8BB2217D-0F2D-49D1-97BC-3654ED321F3B}") = "WebApplication4", "src\WebApplication4\WebApplication4.xproj", "{039B62E2-4313-4C6E-8D6D-41374988E320}"
EndProject
Global
	GlobalSection(SolutionConfigurationPlatforms) = preSolution
		Debug|Any CPU = Debug|Any CPU
		Release|Any CPU = Release|Any CPU
	EndGlobalSection
	GlobalSection(ProjectConfigurationPlatforms) = postSolution
		{039B62E2-4313-4C6E-8D6D-41374988E320}.Debug|Any CPU.ActiveCfg = Debug|Any CPU
		{039B62E2-4313-4C6E-8D6D-41374988E320}.Debug|Any CPU.Build.0 = Debug|Any CPU
		{039B62E2-4313-4C6E-8D6D-41374988E320}.Release|Any CPU.ActiveCfg = Release|Any CPU
		{039B62E2-4313-4C6E-8D6D-41374988E320}.Release|Any CPU.Build.0 = Release|Any CPU
	EndGlobalSection
	GlobalSection(SolutionProperties) = preSolution
		HideSolutionNode = FALSE
	EndGlobalSection
	GlobalSection(NestedProjects) = preSolution
		{039B62E2-4313-4C6E-8D6D-41374988E320} = {37A8E924-CC15-4A6C-9822-897DBCA7A22D}
	EndGlobalSection
EndGlobal
