
Microsoft Visual Studio Solution File, Format Version 12.00
# Visual Studio 14
VisualStudioVersion = 14.0.22823.1
MinimumVisualStudioVersion = 10.0.40219.1
Project("{2150E333-8FDC-42A3-9474-1A3956D46DE8}") = "src", "src", "{33799F47-CDDC-44C8-A3BE-3B46581E6B61}"
EndProject
Project("{2150E333-8FDC-42A3-9474-1A3956D46DE8}") = "Solution Items", "Solution Items", "{9D9FCD36-0043-43F9-8BC5-8B27975CBFEF}"
	ProjectSection(SolutionItems) = preProject
		global.json = global.json
	EndProjectSection
EndProject
Project("{8BB2217D-0F2D-49D1-97BC-3654ED321F3B}") = "ConfigDemo", "src\ConfigDemo\ConfigDemo.xproj", "{CA1C763D-1F9F-464A-9DFB-1DD26513E9AB}"
EndProject
Global
	GlobalSection(SolutionConfigurationPlatforms) = preSolution
		Debug|Any CPU = Debug|Any CPU
		Release|Any CPU = Release|Any CPU
	EndGlobalSection
	GlobalSection(ProjectConfigurationPlatforms) = postSolution
		{CA1C763D-1F9F-464A-9DFB-1DD26513E9AB}.Debug|Any CPU.ActiveCfg = Debug|Any CPU
		{CA1C763D-1F9F-464A-9DFB-1DD26513E9AB}.Debug|Any CPU.Build.0 = Debug|Any CPU
		{CA1C763D-1F9F-464A-9DFB-1DD26513E9AB}.Release|Any CPU.ActiveCfg = Release|Any CPU
		{CA1C763D-1F9F-464A-9DFB-1DD26513E9AB}.Release|Any CPU.Build.0 = Release|Any CPU
	EndGlobalSection
	GlobalSection(SolutionProperties) = preSolution
		HideSolutionNode = FALSE
	EndGlobalSection
	GlobalSection(NestedProjects) = preSolution
		{CA1C763D-1F9F-464A-9DFB-1DD26513E9AB} = {33799F47-CDDC-44C8-A3BE-3B46581E6B61}
	EndGlobalSection
EndGlobal
