
Microsoft Visual Studio Solution File, Format Version 12.00
# Visual Studio Version 16
VisualStudioVersion = 16.0.28803.352
MinimumVisualStudioVersion = 10.0.40219.1
Project("{9A19103F-16F7-4668-BE54-9A1E7A4F7556}") = "AppPartsSample", "AppPartsSample\AppPartsSample.csproj", "{673BD6C8-B264-4965-8FF9-A78996F97BD7}"
EndProject
Project("{9A19103F-16F7-4668-BE54-9A1E7A4F7556}") = "Plugin", "Plugin\Plugin.csproj", "{A5325A5B-E24E-487B-A648-4518056B7C01}"
EndProject
Project("{9A19103F-16F7-4668-BE54-9A1E7A4F7556}") = "DependentLibrary", "DependentLibrary\DependentLibrary.csproj", "{708B3CAD-43D3-4C2A-9AF4-F4C77585CD7E}"
EndProject
Global
	GlobalSection(SolutionConfigurationPlatforms) = preSolution
		Debug|Any CPU = Debug|Any CPU
		Release|Any CPU = Release|Any CPU
	EndGlobalSection
	GlobalSection(ProjectConfigurationPlatforms) = postSolution
		{673BD6C8-B264-4965-8FF9-A78996F97BD7}.Debug|Any CPU.ActiveCfg = Debug|Any CPU
		{673BD6C8-B264-4965-8FF9-A78996F97BD7}.Debug|Any CPU.Build.0 = Debug|Any CPU
		{673BD6C8-B264-4965-8FF9-A78996F97BD7}.Release|Any CPU.ActiveCfg = Release|Any CPU
		{673BD6C8-B264-4965-8FF9-A78996F97BD7}.Release|Any CPU.Build.0 = Release|Any CPU
		{A5325A5B-E24E-487B-A648-4518056B7C01}.Debug|Any CPU.ActiveCfg = Debug|Any CPU
		{A5325A5B-E24E-487B-A648-4518056B7C01}.Debug|Any CPU.Build.0 = Debug|Any CPU
		{A5325A5B-E24E-487B-A648-4518056B7C01}.Release|Any CPU.ActiveCfg = Release|Any CPU
		{A5325A5B-E24E-487B-A648-4518056B7C01}.Release|Any CPU.Build.0 = Release|Any CPU
		{708B3CAD-43D3-4C2A-9AF4-F4C77585CD7E}.Debug|Any CPU.ActiveCfg = Debug|Any CPU
		{708B3CAD-43D3-4C2A-9AF4-F4C77585CD7E}.Debug|Any CPU.Build.0 = Debug|Any CPU
		{708B3CAD-43D3-4C2A-9AF4-F4C77585CD7E}.Release|Any CPU.ActiveCfg = Release|Any CPU
		{708B3CAD-43D3-4C2A-9AF4-F4C77585CD7E}.Release|Any CPU.Build.0 = Release|Any CPU
	EndGlobalSection
	GlobalSection(SolutionProperties) = preSolution
		HideSolutionNode = FALSE
	EndGlobalSection
	GlobalSection(ExtensibilityGlobals) = postSolution
		SolutionGuid = {4BC8F127-C323-48B4-9CC8-D70BF9754697}
	EndGlobalSection
EndGlobal
