
Microsoft Visual Studio Solution File, Format Version 12.00
# Visual Studio 14
VisualStudioVersion = 14.0.25420.1
MinimumVisualStudioVersion = 10.0.40219.1
Project("{8BB2217D-0F2D-49D1-97BC-3654ED321F3B}") = "ContosoUniversity", "ContosoUniversity.xproj", "{993C464A-04C0-4B0E-A46D-C5347956D845}"
EndProject
Global
	GlobalSection(SolutionConfigurationPlatforms) = preSolution
		Debug|Any CPU = Debug|Any CPU
		Release|Any CPU = Release|Any CPU
	EndGlobalSection
	GlobalSection(ProjectConfigurationPlatforms) = postSolution
		{993C464A-04C0-4B0E-A46D-C5347956D845}.Debug|Any CPU.ActiveCfg = Debug|Any CPU
		{993C464A-04C0-4B0E-A46D-C5347956D845}.Debug|Any CPU.Build.0 = Debug|Any CPU
		{993C464A-04C0-4B0E-A46D-C5347956D845}.Release|Any CPU.ActiveCfg = Release|Any CPU
		{993C464A-04C0-4B0E-A46D-C5347956D845}.Release|Any CPU.Build.0 = Release|Any CPU
	EndGlobalSection
	GlobalSection(SolutionProperties) = preSolution
		HideSolutionNode = FALSE
	EndGlobalSection
EndGlobal
