
Microsoft Visual Studio Solution File, Format Version 12.00
# Visual Studio 14
VisualStudioVersion = 14.0.25420.1
MinimumVisualStudioVersion = 10.0.40219.1
Project("{8BB2217D-0F2D-49D1-97BC-3654ED321F3B}") = "ContactManager", "ContactManager.xproj", "{77C464B9-854F-472C-B45A-2AA46D4C103D}"
EndProject
Global
	GlobalSection(SolutionConfigurationPlatforms) = preSolution
		Debug|Any CPU = Debug|Any CPU
		Release|Any CPU = Release|Any CPU
	EndGlobalSection
	GlobalSection(ProjectConfigurationPlatforms) = postSolution
		{77C464B9-854F-472C-B45A-2AA46D4C103D}.Debug|Any CPU.ActiveCfg = Debug|Any CPU
		{77C464B9-854F-472C-B45A-2AA46D4C103D}.Debug|Any CPU.Build.0 = Debug|Any CPU
		{77C464B9-854F-472C-B45A-2AA46D4C103D}.Release|Any CPU.ActiveCfg = Release|Any CPU
		{77C464B9-854F-472C-B45A-2AA46D4C103D}.Release|Any CPU.Build.0 = Release|Any CPU
	EndGlobalSection
	GlobalSection(SolutionProperties) = preSolution
		HideSolutionNode = FALSE
	EndGlobalSection
EndGlobal
