
Microsoft Visual Studio Solution File, Format Version 12.00
# Visual Studio Version 17
VisualStudioVersion = 17.0.31903.59
MinimumVisualStudioVersion = 10.0.40219.1
Project("{2150E333-8FDC-42A3-9474-1A3956D46DE8}") = "api", "api", "{D82C56D6-B2CD-F611-9E31-04638F7EC30E}"
EndProject
Project("{FAE04EC0-301F-11D3-BF4B-00C04F79EFBC}") = "Api", "api\Api.csproj", "{CA8C523E-275A-4315-B784-20AE102810EB}"
EndProject
Project("{2150E333-8FDC-42A3-9474-1A3956D46DE8}") = "models", "models", "{7E5E3D99-03B0-3438-6A3D-D9E8D97DA366}"
EndProject
Project("{FAE04EC0-301F-11D3-BF4B-00C04F79EFBC}") = "Models", "models\Models.csproj", "{951E9171-FE43-4DDF-B296-553992898447}"
EndProject
Global
	GlobalSection(SolutionConfigurationPlatforms) = preSolution
		Debug|Any CPU = Debug|Any CPU
		Debug|x64 = Debug|x64
		Debug|x86 = Debug|x86
		Release|Any CPU = Release|Any CPU
		Release|x64 = Release|x64
		Release|x86 = Release|x86
	EndGlobalSection
	GlobalSection(ProjectConfigurationPlatforms) = postSolution
		{CA8C523E-275A-4315-B784-20AE102810EB}.Debug|Any CPU.ActiveCfg = Debug|Any CPU
		{CA8C523E-275A-4315-B784-20AE102810EB}.Debug|Any CPU.Build.0 = Debug|Any CPU
		{CA8C523E-275A-4315-B784-20AE102810EB}.Debug|x64.ActiveCfg = Debug|Any CPU
		{CA8C523E-275A-4315-B784-20AE102810EB}.Debug|x64.Build.0 = Debug|Any CPU
		{CA8C523E-275A-4315-B784-20AE102810EB}.Debug|x86.ActiveCfg = Debug|Any CPU
		{CA8C523E-275A-4315-B784-20AE102810EB}.Debug|x86.Build.0 = Debug|Any CPU
		{CA8C523E-275A-4315-B784-20AE102810EB}.Release|Any CPU.ActiveCfg = Release|Any CPU
		{CA8C523E-275A-4315-B784-20AE102810EB}.Release|Any CPU.Build.0 = Release|Any CPU
		{CA8C523E-275A-4315-B784-20AE102810EB}.Release|x64.ActiveCfg = Release|Any CPU
		{CA8C523E-275A-4315-B784-20AE102810EB}.Release|x64.Build.0 = Release|Any CPU
		{CA8C523E-275A-4315-B784-20AE102810EB}.Release|x86.ActiveCfg = Release|Any CPU
		{CA8C523E-275A-4315-B784-20AE102810EB}.Release|x86.Build.0 = Release|Any CPU
		{951E9171-FE43-4DDF-B296-553992898447}.Debug|Any CPU.ActiveCfg = Debug|Any CPU
		{951E9171-FE43-4DDF-B296-553992898447}.Debug|Any CPU.Build.0 = Debug|Any CPU
		{951E9171-FE43-4DDF-B296-553992898447}.Debug|x64.ActiveCfg = Debug|Any CPU
		{951E9171-FE43-4DDF-B296-553992898447}.Debug|x64.Build.0 = Debug|Any CPU
		{951E9171-FE43-4DDF-B296-553992898447}.Debug|x86.ActiveCfg = Debug|Any CPU
		{951E9171-FE43-4DDF-B296-553992898447}.Debug|x86.Build.0 = Debug|Any CPU
		{951E9171-FE43-4DDF-B296-553992898447}.Release|Any CPU.ActiveCfg = Release|Any CPU
		{951E9171-FE43-4DDF-B296-553992898447}.Release|Any CPU.Build.0 = Release|Any CPU
		{951E9171-FE43-4DDF-B296-553992898447}.Release|x64.ActiveCfg = Release|Any CPU
		{951E9171-FE43-4DDF-B296-553992898447}.Release|x64.Build.0 = Release|Any CPU
		{951E9171-FE43-4DDF-B296-553992898447}.Release|x86.ActiveCfg = Release|Any CPU
		{951E9171-FE43-4DDF-B296-553992898447}.Release|x86.Build.0 = Release|Any CPU
	EndGlobalSection
	GlobalSection(SolutionProperties) = preSolution
		HideSolutionNode = FALSE
	EndGlobalSection
	GlobalSection(NestedProjects) = preSolution
		{CA8C523E-275A-4315-B784-20AE102810EB} = {D82C56D6-B2CD-F611-9E31-04638F7EC30E}
		{951E9171-FE43-4DDF-B296-553992898447} = {7E5E3D99-03B0-3438-6A3D-D9E8D97DA366}
	EndGlobalSection
EndGlobal
