
Microsoft Visual Studio Solution File, Format Version 12.00
# Visual Studio 14
VisualStudioVersion = 14.0.23107.0
MinimumVisualStudioVersion = 10.0.40219.1
Project("{2150E333-8FDC-42A3-9474-1A3956D46DE8}") = "src", "src", "{3BE7509F-77FA-4CB1-B080-BEF897377721}"
EndProject
Project("{2150E333-8FDC-42A3-9474-1A3956D46DE8}") = "Solution Items", "Solution Items", "{D2E2A2DE-F502-4748-A4E8-0C7BD7FC177B}"
	ProjectSection(SolutionItems) = preProject
		global.json = global.json
	EndProjectSection
EndProject
Project("{8BB2217D-0F2D-49D1-97BC-3654ED321F3B}") = "WebApplication1", "src\WebApplication1\WebApplication1.xproj", "{15B19EAC-A98B-42E0-9BC2-F96DFF744282}"
EndProject
Global
	GlobalSection(SolutionConfigurationPlatforms) = preSolution
		Debug|Any CPU = Debug|Any CPU
		Release|Any CPU = Release|Any CPU
	EndGlobalSection
	GlobalSection(ProjectConfigurationPlatforms) = postSolution
		{15B19EAC-A98B-42E0-9BC2-F96DFF744282}.Debug|Any CPU.ActiveCfg = Debug|Any CPU
		{15B19EAC-A98B-42E0-9BC2-F96DFF744282}.Debug|Any CPU.Build.0 = Debug|Any CPU
		{15B19EAC-A98B-42E0-9BC2-F96DFF744282}.Release|Any CPU.ActiveCfg = Release|Any CPU
		{15B19EAC-A98B-42E0-9BC2-F96DFF744282}.Release|Any CPU.Build.0 = Release|Any CPU
	EndGlobalSection
	GlobalSection(SolutionProperties) = preSolution
		HideSolutionNode = FALSE
	EndGlobalSection
	GlobalSection(NestedProjects) = preSolution
		{15B19EAC-A98B-42E0-9BC2-F96DFF744282} = {3BE7509F-77FA-4CB1-B080-BEF897377721}
	EndGlobalSection
EndGlobal
