
Microsoft Visual Studio Solution File, Format Version 12.00
# Visual Studio 14
VisualStudioVersion = 14.0.23107.0
MinimumVisualStudioVersion = 10.0.40219.1
Project("{2150E333-8FDC-42A3-9474-1A3956D46DE8}") = "src", "src", "{D3F5A15F-F6F3-4B67-A24D-9B5C53115189}"
EndProject
Project("{2150E333-8FDC-42A3-9474-1A3956D46DE8}") = "Solution Items", "Solution Items", "{7CFBB29E-2767-4F02-9A62-50F4B1A54A58}"
	ProjectSection(SolutionItems) = preProject
		global.json = global.json
		NuGet.Config = NuGet.Config
	EndProjectSection
EndProject
Project("{8BB2217D-0F2D-49D1-97BC-3654ED321F3B}") = "WebApplication1", "src\WebApplication1\WebApplication1.xproj", "{AF5FB97C-5A80-4A5B-9374-6204EE5A5F87}"
EndProject
Global
	GlobalSection(SolutionConfigurationPlatforms) = preSolution
		Debug|Any CPU = Debug|Any CPU
		Release|Any CPU = Release|Any CPU
	EndGlobalSection
	GlobalSection(ProjectConfigurationPlatforms) = postSolution
		{AF5FB97C-5A80-4A5B-9374-6204EE5A5F87}.Debug|Any CPU.ActiveCfg = Debug|Any CPU
		{AF5FB97C-5A80-4A5B-9374-6204EE5A5F87}.Debug|Any CPU.Build.0 = Debug|Any CPU
		{AF5FB97C-5A80-4A5B-9374-6204EE5A5F87}.Release|Any CPU.ActiveCfg = Release|Any CPU
		{AF5FB97C-5A80-4A5B-9374-6204EE5A5F87}.Release|Any CPU.Build.0 = Release|Any CPU
	EndGlobalSection
	GlobalSection(SolutionProperties) = preSolution
		HideSolutionNode = FALSE
	EndGlobalSection
	GlobalSection(NestedProjects) = preSolution
		{AF5FB97C-5A80-4A5B-9374-6204EE5A5F87} = {D3F5A15F-F6F3-4B67-A24D-9B5C53115189}
	EndGlobalSection
EndGlobal
