
Microsoft Visual Studio Solution File, Format Version 12.00
# Visual Studio Version 16
VisualStudioVersion = 16.0.29806.167
MinimumVisualStudioVersion = 10.0.40219.1
Project("{9A19103F-16F7-4668-BE54-9A1E7A4F7556}") = "ClientIpAspNetCore", "ClientIpAspNetCore\ClientIpAspNetCore.csproj", "{51B901C7-2081-4CC2-A970-1C48A33E5507}"
EndProject
Project("{9A19103F-16F7-4668-BE54-9A1E7A4F7556}") = "ClientIpSafelistComponents", "..\Shared\ClientIpSafelistComponents\ClientIpSafelistComponents.csproj", "{419CE413-A0F4-4415-B93E-F2D95B272921}"
EndProject
Global
	GlobalSection(SolutionConfigurationPlatforms) = preSolution
		Debug|Any CPU = Debug|Any CPU
		Release|Any CPU = Release|Any CPU
	EndGlobalSection
	GlobalSection(ProjectConfigurationPlatforms) = postSolution
		{51B901C7-2081-4CC2-A970-1C48A33E5507}.Debug|Any CPU.ActiveCfg = Debug|Any CPU
		{51B901C7-2081-4CC2-A970-1C48A33E5507}.Debug|Any CPU.Build.0 = Debug|Any CPU
		{51B901C7-2081-4CC2-A970-1C48A33E5507}.Release|Any CPU.ActiveCfg = Release|Any CPU
		{51B901C7-2081-4CC2-A970-1C48A33E5507}.Release|Any CPU.Build.0 = Release|Any CPU
		{419CE413-A0F4-4415-B93E-F2D95B272921}.Debug|Any CPU.ActiveCfg = Debug|Any CPU
		{419CE413-A0F4-4415-B93E-F2D95B272921}.Debug|Any CPU.Build.0 = Debug|Any CPU
		{419CE413-A0F4-4415-B93E-F2D95B272921}.Release|Any CPU.ActiveCfg = Release|Any CPU
		{419CE413-A0F4-4415-B93E-F2D95B272921}.Release|Any CPU.Build.0 = Release|Any CPU
	EndGlobalSection
	GlobalSection(SolutionProperties) = preSolution
		HideSolutionNode = FALSE
	EndGlobalSection
	GlobalSection(ExtensibilityGlobals) = postSolution
		SolutionGuid = {DE6B1697-AE16-4BE0-ACF1-F31CD304CCCF}
	EndGlobalSection
EndGlobal
