
Microsoft Visual Studio Solution File, Format Version 12.00
# Visual Studio 15
VisualStudioVersion = 15.0.27705.0
MinimumVisualStudioVersion = 10.0.40219.1
Project("{9A19103F-16F7-4668-BE54-9A1E7A4F7556}") = "ContactManager", "ContactManager.csproj", "{7307F8A1-49B2-42FF-BE27-AE23DE26F6BB}"
EndProject
Global
	GlobalSection(SolutionConfigurationPlatforms) = preSolution
		Debug|Any CPU = Debug|Any CPU
		Release|Any CPU = Release|Any CPU
	EndGlobalSection
	GlobalSection(ProjectConfigurationPlatforms) = postSolution
		{7307F8A1-49B2-42FF-BE27-AE23DE26F6BB}.Debug|Any CPU.ActiveCfg = Debug|Any CPU
		{7307F8A1-49B2-42FF-BE27-AE23DE26F6BB}.Debug|Any CPU.Build.0 = Debug|Any CPU
		{7307F8A1-49B2-42FF-BE27-AE23DE26F6BB}.Release|Any CPU.ActiveCfg = Release|Any CPU
		{7307F8A1-49B2-42FF-BE27-AE23DE26F6BB}.Release|Any CPU.Build.0 = Release|Any CPU
	EndGlobalSection
	GlobalSection(SolutionProperties) = preSolution
		HideSolutionNode = FALSE
	EndGlobalSection
	GlobalSection(ExtensibilityGlobals) = postSolution
		SolutionGuid = {30C40BD5-5D84-42FF-8C0D-F0F133392EBD}
	EndGlobalSection
EndGlobal
