
Microsoft Visual Studio Solution File, Format Version 12.00
# Visual Studio 14
VisualStudioVersion = 14.0.23107.0
MinimumVisualStudioVersion = 10.0.40219.1
Project("{2150E333-8FDC-42A3-9474-1A3956D46DE8}") = "src", "src", "{14220D23-5FF0-4739-B041-F24C60217D4E}"
EndProject
Project("{2150E333-8FDC-42A3-9474-1A3956D46DE8}") = "Solution Items", "Solution Items", "{A98914E4-70D2-46D2-81C5-9CFC513A2E63}"
	ProjectSection(SolutionItems) = preProject
		global.json = global.json
		NuGet.Config = NuGet.Config
	EndProjectSection
EndProject
Project("{8BB2217D-0F2D-49D1-97BC-3654ED321F3B}") = "TagHlp", "src\TagHlp\TagHlp.xproj", "{8F749BC2-DC87-4116-AC47-4351C1F6B14A}"
EndProject
Global
	GlobalSection(SolutionConfigurationPlatforms) = preSolution
		Debug|Any CPU = Debug|Any CPU
		Release|Any CPU = Release|Any CPU
	EndGlobalSection
	GlobalSection(ProjectConfigurationPlatforms) = postSolution
		{8F749BC2-DC87-4116-AC47-4351C1F6B14A}.Debug|Any CPU.ActiveCfg = Debug|Any CPU
		{8F749BC2-DC87-4116-AC47-4351C1F6B14A}.Debug|Any CPU.Build.0 = Debug|Any CPU
		{8F749BC2-DC87-4116-AC47-4351C1F6B14A}.Release|Any CPU.ActiveCfg = Release|Any CPU
		{8F749BC2-DC87-4116-AC47-4351C1F6B14A}.Release|Any CPU.Build.0 = Release|Any CPU
	EndGlobalSection
	GlobalSection(SolutionProperties) = preSolution
		HideSolutionNode = FALSE
	EndGlobalSection
	GlobalSection(NestedProjects) = preSolution
		{8F749BC2-DC87-4116-AC47-4351C1F6B14A} = {14220D23-5FF0-4739-B041-F24C60217D4E}
	EndGlobalSection
EndGlobal
