
Microsoft Visual Studio Solution File, Format Version 12.00
# Visual Studio Version 16
VisualStudioVersion = 16.0.29806.167
MinimumVisualStudioVersion = 10.0.40219.1
Project("{9A19103F-16F7-4668-BE54-9A1E7A4F7556}") = "ClientIpAspNetCore", "ClientIpAspNetCore\ClientIpAspNetCore.csproj", "{6627378C-EAD0-4BB1-B70C-20679CAFB6A9}"
EndProject
Project("{9A19103F-16F7-4668-BE54-9A1E7A4F7556}") = "ClientIpSafelistComponents", "..\Shared\ClientIpSafelistComponents\ClientIpSafelistComponents.csproj", "{EBA7B304-C138-4028-A101-316ECE1D46D6}"
EndProject
Global
	GlobalSection(SolutionConfigurationPlatforms) = preSolution
		Debug|Any CPU = Debug|Any CPU
		Release|Any CPU = Release|Any CPU
	EndGlobalSection
	GlobalSection(ProjectConfigurationPlatforms) = postSolution
		{6627378C-EAD0-4BB1-B70C-20679CAFB6A9}.Debug|Any CPU.ActiveCfg = Debug|Any CPU
		{6627378C-EAD0-4BB1-B70C-20679CAFB6A9}.Debug|Any CPU.Build.0 = Debug|Any CPU
		{6627378C-EAD0-4BB1-B70C-20679CAFB6A9}.Release|Any CPU.ActiveCfg = Release|Any CPU
		{6627378C-EAD0-4BB1-B70C-20679CAFB6A9}.Release|Any CPU.Build.0 = Release|Any CPU
		{EBA7B304-C138-4028-A101-316ECE1D46D6}.Debug|Any CPU.ActiveCfg = Debug|Any CPU
		{EBA7B304-C138-4028-A101-316ECE1D46D6}.Debug|Any CPU.Build.0 = Debug|Any CPU
		{EBA7B304-C138-4028-A101-316ECE1D46D6}.Release|Any CPU.ActiveCfg = Release|Any CPU
		{EBA7B304-C138-4028-A101-316ECE1D46D6}.Release|Any CPU.Build.0 = Release|Any CPU
	EndGlobalSection
	GlobalSection(SolutionProperties) = preSolution
		HideSolutionNode = FALSE
	EndGlobalSection
	GlobalSection(ExtensibilityGlobals) = postSolution
		SolutionGuid = {7277D2B6-95B9-4B0D-BFBC-C181AD688533}
	EndGlobalSection
EndGlobal
