
Microsoft Visual Studio Solution File, Format Version 12.00
# Visual Studio Version 17
VisualStudioVersion = 17.5.33209.295
MinimumVisualStudioVersion = 10.0.40219.1
Project("{FAE04EC0-301F-11D3-BF4B-00C04F79EFBC}") = "MyWebApp", "MyWebApp\MyWebApp.csproj", "{8F87BF0A-D1C5-4189-9AED-DE6077088B28}"
EndProject
Project("{FAE04EC0-301F-11D3-BF4B-00C04F79EFBC}") = "MyWebApi", "MyWebApi\MyWebApi.csproj", "{27FB8099-1A82-424C-9623-25BCF032C043}"
EndProject
Global
	GlobalSection(SolutionConfigurationPlatforms) = preSolution
		Debug|Any CPU = Debug|Any CPU
		Release|Any CPU = Release|Any CPU
	EndGlobalSection
	GlobalSection(ProjectConfigurationPlatforms) = postSolution
		{8F87BF0A-D1C5-4189-9AED-DE6077088B28}.Debug|Any CPU.ActiveCfg = Debug|Any CPU
		{8F87BF0A-D1C5-4189-9AED-DE6077088B28}.Debug|Any CPU.Build.0 = Debug|Any CPU
		{8F87BF0A-D1C5-4189-9AED-DE6077088B28}.Release|Any CPU.ActiveCfg = Release|Any CPU
		{8F87BF0A-D1C5-4189-9AED-DE6077088B28}.Release|Any CPU.Build.0 = Release|Any CPU
		{27FB8099-1A82-424C-9623-25BCF032C043}.Debug|Any CPU.ActiveCfg = Debug|Any CPU
		{27FB8099-1A82-424C-9623-25BCF032C043}.Debug|Any CPU.Build.0 = Debug|Any CPU
		{27FB8099-1A82-424C-9623-25BCF032C043}.Release|Any CPU.ActiveCfg = Release|Any CPU
		{27FB8099-1A82-424C-9623-25BCF032C043}.Release|Any CPU.Build.0 = Release|Any CPU
	EndGlobalSection
	GlobalSection(SolutionProperties) = preSolution
		HideSolutionNode = FALSE
	EndGlobalSection
	GlobalSection(ExtensibilityGlobals) = postSolution
		SolutionGuid = {13525629-028A-4168-BA64-86E0F2C86C80}
	EndGlobalSection
EndGlobal
