
Microsoft Visual Studio Solution File, Format Version 12.00
# Visual Studio 14
VisualStudioVersion = 14.0.22609.0
MinimumVisualStudioVersion = 10.0.40219.1
Project("{FAE04EC0-301F-11D3-BF4B-00C04F79EFBC}") = "Mvc5Project", "Mvc5Project\Mvc5Project.csproj", "{3B45EF40-8971-4030-ABF5-7CA023E7B08C}"
EndProject
Global
	GlobalSection(SolutionConfigurationPlatforms) = preSolution
		Debug|Any CPU = Debug|Any CPU
		Release|Any CPU = Release|Any CPU
	EndGlobalSection
	GlobalSection(ProjectConfigurationPlatforms) = postSolution
		{3B45EF40-8971-4030-ABF5-7CA023E7B08C}.Debug|Any CPU.ActiveCfg = Debug|Any CPU
		{3B45EF40-8971-4030-ABF5-7CA023E7B08C}.Debug|Any CPU.Build.0 = Debug|Any CPU
		{3B45EF40-8971-4030-ABF5-7CA023E7B08C}.Release|Any CPU.ActiveCfg = Release|Any CPU
		{3B45EF40-8971-4030-ABF5-7CA023E7B08C}.Release|Any CPU.Build.0 = Release|Any CPU
	EndGlobalSection
	GlobalSection(SolutionProperties) = preSolution
		HideSolutionNode = FALSE
	EndGlobalSection
EndGlobal
