{
  "name": "sample",
  "version": "1.0.0",
  "lockfileVersion": 1,
  "requires": true,
  "dependencies": {
    "@aspnet/signalr": {
      "version": "1.0.0-rc1-update1",
      "resolved": "https://registry.npmjs.org/@aspnet/signalr/-/signalr-1.0.0-rc1-update1.tgz",
      "integrity": "sha512-6GBJTho/CZfv1ZHninq7ckBGhm6DPK5wGuzc5IZq6v1Rj6Ua9htvVAVXxAbTaIHzu+iEXJI+Ms4EP8DVcGeQYg=="
    }
  }
}
