
Microsoft Visual Studio Solution File, Format Version 12.00
# Visual Studio 15
VisualStudioVersion = 15.0.26124.0
MinimumVisualStudioVersion = 15.0.26124.0
Project("{2150E333-8FDC-42A3-9474-1A3956D46DE8}") = "src", "src", "{95B8C430-5AB7-4F19-BA3C-CD5CE1472FA7}"
EndProject
Project("{FAE04EC0-301F-11D3-BF4B-00C04F79EFBC}") = "ToDoApi", "src\ToDoApi\ToDoApi.csproj", "{3A8486F8-5CBF-4A14-8896-A5A5EA80A18C}"
EndProject
Global
	GlobalSection(SolutionConfigurationPlatforms) = preSolution
		Debug|Any CPU = Debug|Any CPU
		Debug|x64 = Debug|x64
		Debug|x86 = Debug|x86
		Release|Any CPU = Release|Any CPU
		Release|x64 = Release|x64
		Release|x86 = Release|x86
	EndGlobalSection
	GlobalSection(SolutionProperties) = preSolution
		HideSolutionNode = FALSE
	EndGlobalSection
	GlobalSection(ProjectConfigurationPlatforms) = postSolution
		{3A8486F8-5CBF-4A14-8896-A5A5EA80A18C}.Debug|Any CPU.ActiveCfg = Debug|Any CPU
		{3A8486F8-5CBF-4A14-8896-A5A5EA80A18C}.Debug|Any CPU.Build.0 = Debug|Any CPU
		{3A8486F8-5CBF-4A14-8896-A5A5EA80A18C}.Debug|x64.ActiveCfg = Debug|Any CPU
		{3A8486F8-5CBF-4A14-8896-A5A5EA80A18C}.Debug|x64.Build.0 = Debug|Any CPU
		{3A8486F8-5CBF-4A14-8896-A5A5EA80A18C}.Debug|x86.ActiveCfg = Debug|Any CPU
		{3A8486F8-5CBF-4A14-8896-A5A5EA80A18C}.Debug|x86.Build.0 = Debug|Any CPU
		{3A8486F8-5CBF-4A14-8896-A5A5EA80A18C}.Release|Any CPU.ActiveCfg = Release|Any CPU
		{3A8486F8-5CBF-4A14-8896-A5A5EA80A18C}.Release|Any CPU.Build.0 = Release|Any CPU
		{3A8486F8-5CBF-4A14-8896-A5A5EA80A18C}.Release|x64.ActiveCfg = Release|Any CPU
		{3A8486F8-5CBF-4A14-8896-A5A5EA80A18C}.Release|x64.Build.0 = Release|Any CPU
		{3A8486F8-5CBF-4A14-8896-A5A5EA80A18C}.Release|x86.ActiveCfg = Release|Any CPU
		{3A8486F8-5CBF-4A14-8896-A5A5EA80A18C}.Release|x86.Build.0 = Release|Any CPU
	EndGlobalSection
	GlobalSection(NestedProjects) = preSolution
		{3A8486F8-5CBF-4A14-8896-A5A5EA80A18C} = {95B8C430-5AB7-4F19-BA3C-CD5CE1472FA7}
	EndGlobalSection
EndGlobal
