
Microsoft Visual Studio Solution File, Format Version 12.00
# Visual Studio 15
VisualStudioVersion = 15.0.28010.2019
MinimumVisualStudioVersion = 10.0.40219.1
Project("{FAE04EC0-301F-11D3-BF4B-00C04F79EFBC}") = "SignalRChatClient", "SignalRChatClient\SignalRChatClient.csproj", "{2399368A-C565-4B13-94C6-9FFC0BE8D867}"
EndProject
Project("{9A19103F-16F7-4668-BE54-9A1E7A4F7556}") = "SignalRChat", "SignalRChat\SignalRChat.csproj", "{F41CE1CD-3626-4C80-AEF3-F03653197780}"
EndProject
Global
	GlobalSection(SolutionConfigurationPlatforms) = preSolution
		Debug|Any CPU = Debug|Any CPU
		Release|Any CPU = Release|Any CPU
	EndGlobalSection
	GlobalSection(ProjectConfigurationPlatforms) = postSolution
		{2399368A-C565-4B13-94C6-9FFC0BE8D867}.Debug|Any CPU.ActiveCfg = Debug|Any CPU
		{2399368A-C565-4B13-94C6-9FFC0BE8D867}.Debug|Any CPU.Build.0 = Debug|Any CPU
		{2399368A-C565-4B13-94C6-9FFC0BE8D867}.Release|Any CPU.ActiveCfg = Release|Any CPU
		{2399368A-C565-4B13-94C6-9FFC0BE8D867}.Release|Any CPU.Build.0 = Release|Any CPU
		{F41CE1CD-3626-4C80-AEF3-F03653197780}.Debug|Any CPU.ActiveCfg = Debug|Any CPU
		{F41CE1CD-3626-4C80-AEF3-F03653197780}.Debug|Any CPU.Build.0 = Debug|Any CPU
		{F41CE1CD-3626-4C80-AEF3-F03653197780}.Release|Any CPU.ActiveCfg = Release|Any CPU
		{F41CE1CD-3626-4C80-AEF3-F03653197780}.Release|Any CPU.Build.0 = Release|Any CPU
	EndGlobalSection
	GlobalSection(SolutionProperties) = preSolution
		HideSolutionNode = FALSE
	EndGlobalSection
	GlobalSection(ExtensibilityGlobals) = postSolution
		SolutionGuid = {622C7450-30A5-43D6-82EA-6EAB7C0E5A7D}
	EndGlobalSection
EndGlobal
