
Microsoft Visual Studio Solution File, Format Version 12.00
# Visual Studio 14
VisualStudioVersion = 14.0.25420.1
MinimumVisualStudioVersion = 10.0.40219.1
Project("{2150E333-8FDC-42A3-9474-1A3956D46DE8}") = "src", "src", "{FEC8389F-B37A-4B3A-B9C3-441BB93798D7}"
EndProject
Project("{2150E333-8FDC-42A3-9474-1A3956D46DE8}") = "Solution Items", "Solution Items", "{9775A735-FD61-4407-8526-55088815939D}"
	ProjectSection(SolutionItems) = preProject
		global.json = global.json
	EndProjectSection
EndProject
Project("{8BB2217D-0F2D-49D1-97BC-3654ED321F3B}") = "WebApp1", "src\WebApp1\WebApp1.xproj", "{DCE3F39E-4630-46FC-81EE-4CEF4D283DB5}"
EndProject
Global
	GlobalSection(SolutionConfigurationPlatforms) = preSolution
		Debug|Any CPU = Debug|Any CPU
		Release|Any CPU = Release|Any CPU
	EndGlobalSection
	GlobalSection(ProjectConfigurationPlatforms) = postSolution
		{DCE3F39E-4630-46FC-81EE-4CEF4D283DB5}.Debug|Any CPU.ActiveCfg = Debug|Any CPU
		{DCE3F39E-4630-46FC-81EE-4CEF4D283DB5}.Debug|Any CPU.Build.0 = Debug|Any CPU
		{DCE3F39E-4630-46FC-81EE-4CEF4D283DB5}.Release|Any CPU.ActiveCfg = Release|Any CPU
		{DCE3F39E-4630-46FC-81EE-4CEF4D283DB5}.Release|Any CPU.Build.0 = Release|Any CPU
	EndGlobalSection
	GlobalSection(SolutionProperties) = preSolution
		HideSolutionNode = FALSE
	EndGlobalSection
	GlobalSection(NestedProjects) = preSolution
		{DCE3F39E-4630-46FC-81EE-4CEF4D283DB5} = {FEC8389F-B37A-4B3A-B9C3-441BB93798D7}
	EndGlobalSection
EndGlobal
